
Microsoft Visual Studio Solution File, Format Version 12.00
# Visual Studio Version 17
VisualStudioVersion = 17.1.32407.343
MinimumVisualStudioVersion = 10.0.40219.1
Project("{FAE04EC0-301F-11D3-BF4B-00C04F79EFBC}") = "EnigmaQuest", "EnigmaQuest.csproj", "{CADC6F84-3246-474D-B95C-AA00A1E2E7A3}"
EndProject
Global
	GlobalSection(SolutionConfigurationPlatforms) = preSolution
		Debug|Any CPU = Debug|Any CPU
		Release|Any CPU = Release|Any CPU
	EndGlobalSection
	GlobalSection(ProjectConfigurationPlatforms) = postSolution
		{CADC6F84-3246-474D-B95C-AA00A1E2E7A3}.Debug|Any CPU.ActiveCfg = Debug|Any CPU
		{CADC6F84-3246-474D-B95C-AA00A1E2E7A3}.Debug|Any CPU.Build.0 = Debug|Any CPU
		{CADC6F84-3246-474D-B95C-AA00A1E2E7A3}.Release|Any CPU.ActiveCfg = Release|Any CPU
		{CADC6F84-3246-474D-B95C-AA00A1E2E7A3}.Release|Any CPU.Build.0 = Release|Any CPU
	EndGlobalSection
	GlobalSection(SolutionProperties) = preSolution
		HideSolutionNode = FALSE
	EndGlobalSection
	GlobalSection(ExtensibilityGlobals) = postSolution
		SolutionGuid = {48EA2B2E-7FFD-45E5-BCAB-93FC3AD6CCC0}
	EndGlobalSection
EndGlobal
